
Microsoft Visual Studio Solution File, Format Version 12.00
# Visual Studio Version 17
VisualStudioVersion = 17.5.33414.496
MinimumVisualStudioVersion = 10.0.40219.1
Project("{FAE04EC0-301F-11D3-BF4B-00C04F79EFBC}") = "FormsServerTCP", "FormsServerTCP\FormsServerTCP.csproj", "{AE8A3A32-28F5-480F-9CF4-C1075DDBCFFC}"
EndProject
Global
	GlobalSection(SolutionConfigurationPlatforms) = preSolution
		Debug|Any CPU = Debug|Any CPU
		Release|Any CPU = Release|Any CPU
	EndGlobalSection
	GlobalSection(ProjectConfigurationPlatforms) = postSolution
		{AE8A3A32-28F5-480F-9CF4-C1075DDBCFFC}.Debug|Any CPU.ActiveCfg = Debug|Any CPU
		{AE8A3A32-28F5-480F-9CF4-C1075DDBCFFC}.Debug|Any CPU.Build.0 = Debug|Any CPU
		{AE8A3A32-28F5-480F-9CF4-C1075DDBCFFC}.Release|Any CPU.ActiveCfg = Release|Any CPU
		{AE8A3A32-28F5-480F-9CF4-C1075DDBCFFC}.Release|Any CPU.Build.0 = Release|Any CPU
	EndGlobalSection
	GlobalSection(SolutionProperties) = preSolution
		HideSolutionNode = FALSE
	EndGlobalSection
	GlobalSection(ExtensibilityGlobals) = postSolution
		SolutionGuid = {385A0127-83AB-43C5-85CC-BCA6444009B5}
	EndGlobalSection
EndGlobal
